
Microsoft Visual Studio Solution File, Format Version 12.00
# Visual Studio 2013
VisualStudioVersion = 12.0.21005.1
MinimumVisualStudioVersion = 10.0.40219.1
Project("{FAE04EC0-301F-11D3-BF4B-00C04F79EFBC}") = "TesteSuperbid.WebAPI", "TesteSuperbid.WebAPI\TesteSuperbid.WebAPI.csproj", "{D88F3B64-CD57-4168-9E57-77F9067AF9F0}"
EndProject
Project("{FAE04EC0-301F-11D3-BF4B-00C04F79EFBC}") = "TesteSuperbid.ConsoleApplication", "TesteSuperbid.ConsoleApplication\TesteSuperbid.ConsoleApplication.csproj", "{E6017965-F438-4757-91EE-B33FFB264CC9}"
EndProject
Global
	GlobalSection(SolutionConfigurationPlatforms) = preSolution
		Debug|Any CPU = Debug|Any CPU
		Release|Any CPU = Release|Any CPU
	EndGlobalSection
	GlobalSection(ProjectConfigurationPlatforms) = postSolution
		{D88F3B64-CD57-4168-9E57-77F9067AF9F0}.Debug|Any CPU.ActiveCfg = Debug|Any CPU
		{D88F3B64-CD57-4168-9E57-77F9067AF9F0}.Debug|Any CPU.Build.0 = Debug|Any CPU
		{D88F3B64-CD57-4168-9E57-77F9067AF9F0}.Release|Any CPU.ActiveCfg = Release|Any CPU
		{D88F3B64-CD57-4168-9E57-77F9067AF9F0}.Release|Any CPU.Build.0 = Release|Any CPU
		{E6017965-F438-4757-91EE-B33FFB264CC9}.Debug|Any CPU.ActiveCfg = Debug|Any CPU
		{E6017965-F438-4757-91EE-B33FFB264CC9}.Debug|Any CPU.Build.0 = Debug|Any CPU
		{E6017965-F438-4757-91EE-B33FFB264CC9}.Release|Any CPU.ActiveCfg = Release|Any CPU
		{E6017965-F438-4757-91EE-B33FFB264CC9}.Release|Any CPU.Build.0 = Release|Any CPU
	EndGlobalSection
	GlobalSection(SolutionProperties) = preSolution
		HideSolutionNode = FALSE
	EndGlobalSection
EndGlobal
