
Microsoft Visual Studio Solution File, Format Version 12.00
# Visual Studio 15
VisualStudioVersion = 15.0.28010.2046
MinimumVisualStudioVersion = 10.0.40219.1
Project("{FAE04EC0-301F-11D3-BF4B-00C04F79EFBC}") = "S4Pay", "S4Pay\S4Pay.csproj", "{58CE88F3-0332-4294-940A-C6584229FA19}"
EndProject
Global
	GlobalSection(SolutionConfigurationPlatforms) = preSolution
		Debug|Any CPU = Debug|Any CPU
		Release|Any CPU = Release|Any CPU
	EndGlobalSection
	GlobalSection(ProjectConfigurationPlatforms) = postSolution
		{58CE88F3-0332-4294-940A-C6584229FA19}.Debug|Any CPU.ActiveCfg = Debug|Any CPU
		{58CE88F3-0332-4294-940A-C6584229FA19}.Debug|Any CPU.Build.0 = Debug|Any CPU
		{58CE88F3-0332-4294-940A-C6584229FA19}.Release|Any CPU.ActiveCfg = Release|Any CPU
		{58CE88F3-0332-4294-940A-C6584229FA19}.Release|Any CPU.Build.0 = Release|Any CPU
	EndGlobalSection
	GlobalSection(SolutionProperties) = preSolution
		HideSolutionNode = FALSE
	EndGlobalSection
	GlobalSection(ExtensibilityGlobals) = postSolution
		SolutionGuid = {7C08EFCA-0B32-4232-9CBC-DC28393EBBB6}
	EndGlobalSection
EndGlobal
